# THIS IS AN AUTOGENERATED FILE. DO NOT EDIT THIS FILE DIRECTLY.
# yarn lockfile v1


osc-js@^2.3.2:
  version "2.3.2"
  resolved "https://registry.yarnpkg.com/osc-js/-/osc-js-2.3.2.tgz#84498bf176fe495891a0c9fd4b7ae1ec7310d8ac"
  integrity sha512-9i7J4u1hH+glooGMh+ki1ni0JGqKmylT8r0nXKugHbRK63rR+kl4O+5tGW6+/EszjbCju3KV+eXQQzFDdGrmhg==
  dependencies:
    ws "^8.5.0"

ws@^8.5.0:
  version "8.8.0"
  resolved "https://registry.yarnpkg.com/ws/-/ws-8.8.0.tgz#8e71c75e2f6348dbf8d78005107297056cb77769"
  integrity sha512-JDAgSYQ1ksuwqfChJusw1LSJ8BizJ2e/vVu5Lxjq3YvNJNlROv1ui4i+c/kUUrPheBvQl4c5UbERhTwKa6QBJQ==
